Microsoft Visual Studio Solution File, Format Version 12.00
# Visual Studio Version 16
VisualStudioVersion = 16.0.29519.181
MinimumVisualStudioVersion = 10.0.40219.1
Project("{9A19103F-16F7-4668-BE54-9A1E7A4F7556}") = "WizardFramework", "src\WizardFramework\WizardFramework.csproj", "{332A93BA-CFEC-4055-A0EA-95772C0ACCBD}"
EndProject
Project("{9A19103F-16F7-4668-BE54-9A1E7A4F7556}") = "DemoApplication", "sample\DemoApplication\DemoApplication.csproj", "{76914C50-AA69-4EF2-82A2-894AC9FEF01A}"
EndProject
Project("{2150E333-8FDC-42A3-9474-1A3956D46DE8}") = "Solution Items", "Solution Items", "{5EF2A64B-BC69-4ABA-B116-6E28DC9E67F1}"
	ProjectSection(SolutionItems) = preProject
		azure-pipelines.yml = azure-pipelines.yml
		Directory.Build.props = Directory.Build.props
		README.md = README.md
		version.json = version.json
	EndProjectSection
EndProject
Project("{C7167F0D-BC9F-4E6E-AFE1-012C56B48DB5}") = "DemoApplication.Package", "DemoApplication.Package\DemoApplication.Package.wapproj", "{0F8D2C7A-FCD2-498A-BBAE-AD2451D422A6}"
EndProject
Global
	GlobalSection(SolutionConfigurationPlatforms) = preSolution
		Debug|Any CPU = Debug|Any CPU
		Debug|ARM = Debug|ARM
		Debug|ARM64 = Debug|ARM64
		Debug|x64 = Debug|x64
		Debug|x86 = Debug|x86
		Release|Any CPU = Release|Any CPU
		Release|ARM = Release|ARM
		Release|ARM64 = Release|ARM64
		Release|x64 = Release|x64
		Release|x86 = Release|x86
	EndGlobalSection
	GlobalSection(ProjectConfigurationPlatforms) = postSolution
		{332A93BA-CFEC-4055-A0EA-95772C0ACCBD}.Debug|Any CPU.ActiveCfg = Debug|Any CPU
		{332A93BA-CFEC-4055-A0EA-95772C0ACCBD}.Debug|Any CPU.Build.0 = Debug|Any CPU
		{332A93BA-CFEC-4055-A0EA-95772C0ACCBD}.Debug|ARM.ActiveCfg = Debug|Any CPU
		{332A93BA-CFEC-4055-A0EA-95772C0ACCBD}.Debug|ARM.Build.0 = Debug|Any CPU
		{332A93BA-CFEC-4055-A0EA-95772C0ACCBD}.Debug|ARM64.ActiveCfg = Debug|Any CPU
		{332A93BA-CFEC-4055-A0EA-95772C0ACCBD}.Debug|ARM64.Build.0 = Debug|Any CPU
		{332A93BA-CFEC-4055-A0EA-95772C0ACCBD}.Debug|x64.ActiveCfg = Debug|Any CPU
		{332A93BA-CFEC-4055-A0EA-95772C0ACCBD}.Debug|x64.Build.0 = Debug|Any CPU
		{332A93BA-CFEC-4055-A0EA-95772C0ACCBD}.Debug|x86.ActiveCfg = Debug|Any CPU
		{332A93BA-CFEC-4055-A0EA-95772C0ACCBD}.Debug|x86.Build.0 = Debug|Any CPU
		{332A93BA-CFEC-4055-A0EA-95772C0ACCBD}.Release|Any CPU.ActiveCfg = Release|Any CPU
		{332A93BA-CFEC-4055-A0EA-95772C0ACCBD}.Release|Any CPU.Build.0 = Release|Any CPU
		{332A93BA-CFEC-4055-A0EA-95772C0ACCBD}.Release|ARM.ActiveCfg = Release|Any CPU
		{332A93BA-CFEC-4055-A0EA-95772C0ACCBD}.Release|ARM.Build.0 = Release|Any CPU
		{332A93BA-CFEC-4055-A0EA-95772C0ACCBD}.Release|ARM64.ActiveCfg = Release|Any CPU
		{332A93BA-CFEC-4055-A0EA-95772C0ACCBD}.Release|ARM64.Build.0 = Release|Any CPU
		{332A93BA-CFEC-4055-A0EA-95772C0ACCBD}.Release|x64.ActiveCfg = Release|Any CPU
		{332A93BA-CFEC-4055-A0EA-95772C0ACCBD}.Release|x64.Build.0 = Release|Any CPU
		{332A93BA-CFEC-4055-A0EA-95772C0ACCBD}.Release|x86.ActiveCfg = Release|Any CPU
		{332A93BA-CFEC-4055-A0EA-95772C0ACCBD}.Release|x86.Build.0 = Release|Any CPU
		{76914C50-AA69-4EF2-82A2-894AC9FEF01A}.Debug|Any CPU.ActiveCfg = Debug|Any CPU
		{76914C50-AA69-4EF2-82A2-894AC9FEF01A}.Debug|Any CPU.Build.0 = Debug|Any CPU
		{76914C50-AA69-4EF2-82A2-894AC9FEF01A}.Debug|ARM.ActiveCfg = Debug|Any CPU
		{76914C50-AA69-4EF2-82A2-894AC9FEF01A}.Debug|ARM.Build.0 = Debug|Any CPU
		{76914C50-AA69-4EF2-82A2-894AC9FEF01A}.Debug|ARM64.ActiveCfg = Debug|Any CPU
		{76914C50-AA69-4EF2-82A2-894AC9FEF01A}.Debug|ARM64.Build.0 = Debug|Any CPU
		{76914C50-AA69-4EF2-82A2-894AC9FEF01A}.Debug|x64.ActiveCfg = Debug|Any CPU
		{76914C50-AA69-4EF2-82A2-894AC9FEF01A}.Debug|x64.Build.0 = Debug|Any CPU
		{76914C50-AA69-4EF2-82A2-894AC9FEF01A}.Debug|x86.ActiveCfg = Debug|Any CPU
		{76914C50-AA69-4EF2-82A2-894AC9FEF01A}.Debug|x86.Build.0 = Debug|Any CPU
		{76914C50-AA69-4EF2-82A2-894AC9FEF01A}.Release|Any CPU.ActiveCfg = Release|Any CPU
		{76914C50-AA69-4EF2-82A2-894AC9FEF01A}.Release|Any CPU.Build.0 = Release|Any CPU
		{76914C50-AA69-4EF2-82A2-894AC9FEF01A}.Release|ARM.ActiveCfg = Release|Any CPU
		{76914C50-AA69-4EF2-82A2-894AC9FEF01A}.Release|ARM.Build.0 = Release|Any CPU
		{76914C50-AA69-4EF2-82A2-894AC9FEF01A}.Release|ARM64.ActiveCfg = Release|Any CPU
		{76914C50-AA69-4EF2-82A2-894AC9FEF01A}.Release|ARM64.Build.0 = Release|Any CPU
		{76914C50-AA69-4EF2-82A2-894AC9FEF01A}.Release|x64.ActiveCfg = Release|Any CPU
		{76914C50-AA69-4EF2-82A2-894AC9FEF01A}.Release|x64.Build.0 = Release|Any CPU
		{76914C50-AA69-4EF2-82A2-894AC9FEF01A}.Release|x86.ActiveCfg = Release|Any CPU
		{76914C50-AA69-4EF2-82A2-894AC9FEF01A}.Release|x86.Build.0 = Release|Any CPU
		{0F8D2C7A-FCD2-498A-BBAE-AD2451D422A6}.Debug|Any CPU.ActiveCfg = Debug|Any CPU
		{0F8D2C7A-FCD2-498A-BBAE-AD2451D422A6}.Debug|Any CPU.Build.0 = Debug|Any CPU
		{0F8D2C7A-FCD2-498A-BBAE-AD2451D422A6}.Debug|Any CPU.Deploy.0 = Debug|Any CPU
		{0F8D2C7A-FCD2-498A-BBAE-AD2451D422A6}.Debug|ARM.ActiveCfg = Debug|ARM
		{0F8D2C7A-FCD2-498A-BBAE-AD2451D422A6}.Debug|ARM.Build.0 = Debug|ARM
		{0F8D2C7A-FCD2-498A-BBAE-AD2451D422A6}.Debug|ARM.Deploy.0 = Debug|ARM
		{0F8D2C7A-FCD2-498A-BBAE-AD2451D422A6}.Debug|ARM64.ActiveCfg = Debug|ARM64
		{0F8D2C7A-FCD2-498A-BBAE-AD2451D422A6}.Debug|ARM64.Build.0 = Debug|ARM64
		{0F8D2C7A-FCD2-498A-BBAE-AD2451D422A6}.Debug|ARM64.Deploy.0 = Debug|ARM64
		{0F8D2C7A-FCD2-498A-BBAE-AD2451D422A6}.Debug|x64.ActiveCfg = Debug|x64
		{0F8D2C7A-FCD2-498A-BBAE-AD2451D422A6}.Debug|x64.Build.0 = Debug|x64
		{0F8D2C7A-FCD2-498A-BBAE-AD2451D422A6}.Debug|x64.Deploy.0 = Debug|x64
		{0F8D2C7A-FCD2-498A-BBAE-AD2451D422A6}.Debug|x86.ActiveCfg = Debug|x86
		{0F8D2C7A-FCD2-498A-BBAE-AD2451D422A6}.Debug|x86.Build.0 = Debug|x86
		{0F8D2C7A-FCD2-498A-BBAE-AD2451D422A6}.Debug|x86.Deploy.0 = Debug|x86
		{0F8D2C7A-FCD2-498A-BBAE-AD2451D422A6}.Release|Any CPU.ActiveCfg = Release|Any CPU
		{0F8D2C7A-FCD2-498A-BBAE-AD2451D422A6}.Release|Any CPU.Build.0 = Release|Any CPU
		{0F8D2C7A-FCD2-498A-BBAE-AD2451D422A6}.Release|Any CPU.Deploy.0 = Release|Any CPU
		{0F8D2C7A-FCD2-498A-BBAE-AD2451D422A6}.Release|ARM.ActiveCfg = Release|ARM
		{0F8D2C7A-FCD2-498A-BBAE-AD2451D422A6}.Release|ARM.Build.0 = Release|ARM
		{0F8D2C7A-FCD2-498A-BBAE-AD2451D422A6}.Release|ARM.Deploy.0 = Release|ARM
		{0F8D2C7A-FCD2-498A-BBAE-AD2451D422A6}.Release|ARM64.ActiveCfg = Release|ARM64
		{0F8D2C7A-FCD2-498A-BBAE-AD2451D422A6}.Release|ARM64.Build.0 = Release|ARM64
		{0F8D2C7A-FCD2-498A-BBAE-AD2451D422A6}.Release|ARM64.Deploy.0 = Release|ARM64
		{0F8D2C7A-FCD2-498A-BBAE-AD2451D422A6}.Release|x64.ActiveCfg = Release|x64
		{0F8D2C7A-FCD2-498A-BBAE-AD2451D422A6}.Release|x64.Build.0 = Release|x64
		{0F8D2C7A-FCD2-498A-BBAE-AD2451D422A6}.Release|x64.Deploy.0 = Release|x64
		{0F8D2C7A-FCD2-498A-BBAE-AD2451D422A6}.Release|x86.ActiveCfg = Release|x86
		{0F8D2C7A-FCD2-498A-BBAE-AD2451D422A6}.Release|x86.Build.0 = Release|x86
		{0F8D2C7A-FCD2-498A-BBAE-AD2451D422A6}.Release|x86.Deploy.0 = Release|x86
	EndGlobalSection
	GlobalSection(SolutionProperties) = preSolution
		HideSolutionNode = FALSE
	EndGlobalSection
	GlobalSection(ExtensibilityGlobals) = postSolution
		SolutionGuid = {BBBABBB5-3F2B-476A-B4B0-5B02D0F1356E}
	EndGlobalSection
EndGlobal
